
Microsoft Visual Studio Solution File, Format Version 12.00
# Visual Studio Version 16
VisualStudioVersion = 16.0.31702.278
MinimumVisualStudioVersion = 10.0.40219.1
Project("{FAE04EC0-301F-11D3-BF4B-00C04F79EFBC}") = "zadanie1", "lab6\zadanie1.csproj", "{A897190F-39AF-4039-AD15-2EF932E4E4D9}"
EndProject
Project("{FAE04EC0-301F-11D3-BF4B-00C04F79EFBC}") = "zadanie2", "zadanie2\zadanie2.csproj", "{6F4C146D-6700-4BB2-88C5-E8778BC144E3}"
EndProject
Project("{FAE04EC0-301F-11D3-BF4B-00C04F79EFBC}") = "zadanie3", "zadanie3\zadanie3.csproj", "{EF3791A2-6A64-4DAE-8E5E-0FD9AC4C9D66}"
EndProject
Global
	GlobalSection(SolutionConfigurationPlatforms) = preSolution
		Debug|Any CPU = Debug|Any CPU
		Release|Any CPU = Release|Any CPU
	EndGlobalSection
	GlobalSection(ProjectConfigurationPlatforms) = postSolution
		{A897190F-39AF-4039-AD15-2EF932E4E4D9}.Debug|Any CPU.ActiveCfg = Debug|Any CPU
		{A897190F-39AF-4039-AD15-2EF932E4E4D9}.Debug|Any CPU.Build.0 = Debug|Any CPU
		{A897190F-39AF-4039-AD15-2EF932E4E4D9}.Release|Any CPU.ActiveCfg = Release|Any CPU
		{A897190F-39AF-4039-AD15-2EF932E4E4D9}.Release|Any CPU.Build.0 = Release|Any CPU
		{6F4C146D-6700-4BB2-88C5-E8778BC144E3}.Debug|Any CPU.ActiveCfg = Debug|Any CPU
		{6F4C146D-6700-4BB2-88C5-E8778BC144E3}.Debug|Any CPU.Build.0 = Debug|Any CPU
		{6F4C146D-6700-4BB2-88C5-E8778BC144E3}.Release|Any CPU.ActiveCfg = Release|Any CPU
		{6F4C146D-6700-4BB2-88C5-E8778BC144E3}.Release|Any CPU.Build.0 = Release|Any CPU
		{EF3791A2-6A64-4DAE-8E5E-0FD9AC4C9D66}.Debug|Any CPU.ActiveCfg = Debug|Any CPU
		{EF3791A2-6A64-4DAE-8E5E-0FD9AC4C9D66}.Debug|Any CPU.Build.0 = Debug|Any CPU
		{EF3791A2-6A64-4DAE-8E5E-0FD9AC4C9D66}.Release|Any CPU.ActiveCfg = Release|Any CPU
		{EF3791A2-6A64-4DAE-8E5E-0FD9AC4C9D66}.Release|Any CPU.Build.0 = Release|Any CPU
	EndGlobalSection
	GlobalSection(SolutionProperties) = preSolution
		HideSolutionNode = FALSE
	EndGlobalSection
	GlobalSection(ExtensibilityGlobals) = postSolution
		SolutionGuid = {E9E7D826-5D8B-4924-8638-ECEB3218C80D}
	EndGlobalSection
EndGlobal
